
Microsoft Visual Studio Solution File, Format Version 12.00
# Visual Studio 15
VisualStudioVersion = 15.0.28307.539
MinimumVisualStudioVersion = 10.0.40219.1
Project("{FAE04EC0-301F-11D3-BF4B-00C04F79EFBC}") = "LoginFormUsingWindowsForms", "LoginFormUsingWindowsForms\LoginFormUsingWindowsForms.csproj", "{21D224C3-C948-432A-9D08-11C067DB6593}"
EndProject
Global
	GlobalSection(SolutionConfigurationPlatforms) = preSolution
		Debug|Any CPU = Debug|Any CPU
		Release|Any CPU = Release|Any CPU
	EndGlobalSection
	GlobalSection(ProjectConfigurationPlatforms) = postSolution
		{21D224C3-C948-432A-9D08-11C067DB6593}.Debug|Any CPU.ActiveCfg = Debug|Any CPU
		{21D224C3-C948-432A-9D08-11C067DB6593}.Debug|Any CPU.Build.0 = Debug|Any CPU
		{21D224C3-C948-432A-9D08-11C067DB6593}.Release|Any CPU.ActiveCfg = Release|Any CPU
		{21D224C3-C948-432A-9D08-11C067DB6593}.Release|Any CPU.Build.0 = Release|Any CPU
	EndGlobalSection
	GlobalSection(SolutionProperties) = preSolution
		HideSolutionNode = FALSE
	EndGlobalSection
	GlobalSection(ExtensibilityGlobals) = postSolution
		SolutionGuid = {4EC6F8C4-D0AB-443F-9D9A-96135BC9A187}
	EndGlobalSection
EndGlobal
